{
  "name": "assets",
  "lockfileVersion": 3,
  "requires": true,
  "packages": {
    "": {
      "dependencies": {
        "@types/phoenix": "^1.6.5",
        "canvas-confetti": "^1.9.3",
        "unique-names-generator": "^4.7.1"
      },
      "devDependencies": {
        "@types/canvas-confetti": "^1.6.4"
      }
    },
    "node_modules/@types/canvas-confetti": {
      "version": "1.6.4",
      "resolved": "https://registry.npmjs.org/@types/canvas-confetti/-/canvas-confetti-1.6.4.tgz",
      "integrity": "sha512-fNyZ/Fdw/Y92X0vv7B+BD6ysHL4xVU5dJcgzgxLdGbn8O3PezZNIJpml44lKM0nsGur+o/6+NZbZeNTt00U1uA==",
      "dev": true,
      "license": "MIT"
    },
    "node_modules/@types/phoenix": {
      "version": "1.6.5",
      "resolved": "https://registry.npmjs.org/@types/phoenix/-/phoenix-1.6.5.tgz",
      "integrity": "sha512-xegpDuR+z0UqG9fwHqNoy3rI7JDlvaPh2TY47Fl80oq6g+hXT+c/LEuE43X48clZ6lOfANl5WrPur9fYO1RJ/w==",
      "license": "MIT"
    },
    "node_modules/canvas-confetti": {
      "version": "1.9.3",
      "resolved": "https://registry.npmjs.org/canvas-confetti/-/canvas-confetti-1.9.3.tgz",
      "integrity": "sha512-rFfTURMvmVEX1gyXFgn5QMn81bYk70qa0HLzcIOSVEyl57n6o9ItHeBtUSWdvKAPY0xlvBHno4/v3QPrT83q9g==",
      "license": "ISC",
      "funding": {
        "type": "donate",
        "url": "https://www.paypal.me/kirilvatev"
      }
    },
    "node_modules/unique-names-generator": {
      "version": "4.7.1",
      "resolved": "https://registry.npmjs.org/unique-names-generator/-/unique-names-generator-4.7.1.tgz",
      "integrity": "sha512-lMx9dX+KRmG8sq6gulYYpKWZc9RlGsgBR6aoO8Qsm3qvkSJ+3rAymr+TnV8EDMrIrwuFJ4kruzMWM/OpYzPoow==",
      "license": "MIT",
      "engines": {
        "node": ">=8"
      }
    }
  }
}
